
Microsoft Visual Studio Solution File, Format Version 12.00
# Visual Studio 2013
VisualStudioVersion = 12.0.30110.0
MinimumVisualStudioVersion = 10.0.40219.1
Project("{FAE04EC0-301F-11D3-BF4B-00C04F79EFBC}") = "ABSK.CORE", "ABSK.CORE\ABSK.CORE.csproj", "{B060632F-5A95-40EF-996D-6E4CDC533A6F}"
EndProject
Project("{FAE04EC0-301F-11D3-BF4B-00C04F79EFBC}") = "ABSK.CORE.TEST", "ABSK.CORE.TEST\ABSK.CORE.TEST.csproj", "{B2F7DD65-A6AE-410A-B493-C8BF29BB51BB}"
EndProject
Project("{FAE04EC0-301F-11D3-BF4B-00C04F79EFBC}") = "ABSK.CLIENT", "ABSK.CLIENT\ABSK.CLIENT.csproj", "{57A9A4FE-517B-4031-8808-0BB90044556C}"
EndProject
Global
	GlobalSection(SolutionConfigurationPlatforms) = preSolution
		Debug|Any CPU = Debug|Any CPU
		Release|Any CPU = Release|Any CPU
	EndGlobalSection
	GlobalSection(ProjectConfigurationPlatforms) = postSolution
		{B060632F-5A95-40EF-996D-6E4CDC533A6F}.Debug|Any CPU.ActiveCfg = Debug|Any CPU
		{B060632F-5A95-40EF-996D-6E4CDC533A6F}.Debug|Any CPU.Build.0 = Debug|Any CPU
		{B060632F-5A95-40EF-996D-6E4CDC533A6F}.Release|Any CPU.ActiveCfg = Release|Any CPU
		{B060632F-5A95-40EF-996D-6E4CDC533A6F}.Release|Any CPU.Build.0 = Release|Any CPU
		{B2F7DD65-A6AE-410A-B493-C8BF29BB51BB}.Debug|Any CPU.ActiveCfg = Debug|Any CPU
		{B2F7DD65-A6AE-410A-B493-C8BF29BB51BB}.Debug|Any CPU.Build.0 = Debug|Any CPU
		{B2F7DD65-A6AE-410A-B493-C8BF29BB51BB}.Release|Any CPU.ActiveCfg = Release|Any CPU
		{B2F7DD65-A6AE-410A-B493-C8BF29BB51BB}.Release|Any CPU.Build.0 = Release|Any CPU
		{57A9A4FE-517B-4031-8808-0BB90044556C}.Debug|Any CPU.ActiveCfg = Debug|Any CPU
		{57A9A4FE-517B-4031-8808-0BB90044556C}.Debug|Any CPU.Build.0 = Debug|Any CPU
		{57A9A4FE-517B-4031-8808-0BB90044556C}.Release|Any CPU.ActiveCfg = Release|Any CPU
		{57A9A4FE-517B-4031-8808-0BB90044556C}.Release|Any CPU.Build.0 = Release|Any CPU
	EndGlobalSection
	GlobalSection(SolutionProperties) = preSolution
		HideSolutionNode = FALSE
	EndGlobalSection
EndGlobal
